
Microsoft Visual Studio Solution File, Format Version 12.00
# Visual Studio Version 16
VisualStudioVersion = 16.0.31229.75
MinimumVisualStudioVersion = 10.0.40219.1
Project("{FAE04EC0-301F-11D3-BF4B-00C04F79EFBC}") = "OfficeBoard.Server", "OfficeBoard.Server\OfficeBoard.Server.csproj", "{AE2CCBFD-65C2-43FB-BDF9-8F709267FC57}"
EndProject
Global
	GlobalSection(SolutionConfigurationPlatforms) = preSolution
		Debug|Any CPU = Debug|Any CPU
		Release|Any CPU = Release|Any CPU
	EndGlobalSection
	GlobalSection(ProjectConfigurationPlatforms) = postSolution
		{AE2CCBFD-65C2-43FB-BDF9-8F709267FC57}.Debug|Any CPU.ActiveCfg = Debug|Any CPU
		{AE2CCBFD-65C2-43FB-BDF9-8F709267FC57}.Debug|Any CPU.Build.0 = Debug|Any CPU
		{AE2CCBFD-65C2-43FB-BDF9-8F709267FC57}.Release|Any CPU.ActiveCfg = Release|Any CPU
		{AE2CCBFD-65C2-43FB-BDF9-8F709267FC57}.Release|Any CPU.Build.0 = Release|Any CPU
	EndGlobalSection
	GlobalSection(SolutionProperties) = preSolution
		HideSolutionNode = FALSE
	EndGlobalSection
	GlobalSection(ExtensibilityGlobals) = postSolution
		SolutionGuid = {3B0DB6A5-5F5C-48D5-B834-21BB4E4F81AB}
	EndGlobalSection
EndGlobal
